
Microsoft Visual Studio Solution File, Format Version 12.00
# Visual Studio 15
VisualStudioVersion = 15.0.27703.2026
MinimumVisualStudioVersion = 10.0.40219.1
Project("{2150E333-8FDC-42A3-9474-1A3956D46DE8}") = "Objects", "Objects", "{FAA09923-71FE-4889-8FEF-D725532D7BA1}"
EndProject
Project("{FAE04EC0-301F-11D3-BF4B-00C04F79EFBC}") = "Objects", "Objects\Objects.csproj", "{EE7753BF-57E3-4ACD-8158-FF7E3690E819}"
EndProject
Project("{2150E333-8FDC-42A3-9474-1A3956D46DE8}") = "UI", "UI", "{FE1B8B57-0513-42F0-9D67-C41F69AEC3F1}"
EndProject
Project("{FAE04EC0-301F-11D3-BF4B-00C04F79EFBC}") = "UI", "UI\UI.csproj", "{00FBC1DD-50B1-4A4F-893E-C5E2B4CE2907}"
EndProject
Global
	GlobalSection(SolutionConfigurationPlatforms) = preSolution
		Debug|Any CPU = Debug|Any CPU
		Release|Any CPU = Release|Any CPU
	EndGlobalSection
	GlobalSection(ProjectConfigurationPlatforms) = postSolution
		{EE7753BF-57E3-4ACD-8158-FF7E3690E819}.Debug|Any CPU.ActiveCfg = Debug|Any CPU
		{EE7753BF-57E3-4ACD-8158-FF7E3690E819}.Debug|Any CPU.Build.0 = Debug|Any CPU
		{EE7753BF-57E3-4ACD-8158-FF7E3690E819}.Release|Any CPU.ActiveCfg = Release|Any CPU
		{EE7753BF-57E3-4ACD-8158-FF7E3690E819}.Release|Any CPU.Build.0 = Release|Any CPU
		{00FBC1DD-50B1-4A4F-893E-C5E2B4CE2907}.Debug|Any CPU.ActiveCfg = Debug|Any CPU
		{00FBC1DD-50B1-4A4F-893E-C5E2B4CE2907}.Debug|Any CPU.Build.0 = Debug|Any CPU
		{00FBC1DD-50B1-4A4F-893E-C5E2B4CE2907}.Release|Any CPU.ActiveCfg = Release|Any CPU
		{00FBC1DD-50B1-4A4F-893E-C5E2B4CE2907}.Release|Any CPU.Build.0 = Release|Any CPU
	EndGlobalSection
	GlobalSection(SolutionProperties) = preSolution
		HideSolutionNode = FALSE
	EndGlobalSection
	GlobalSection(NestedProjects) = preSolution
		{EE7753BF-57E3-4ACD-8158-FF7E3690E819} = {FAA09923-71FE-4889-8FEF-D725532D7BA1}
		{00FBC1DD-50B1-4A4F-893E-C5E2B4CE2907} = {FE1B8B57-0513-42F0-9D67-C41F69AEC3F1}
	EndGlobalSection
	GlobalSection(ExtensibilityGlobals) = postSolution
		SolutionGuid = {77F691C8-9A4F-463C-AFB9-5138C4EC72DB}
	EndGlobalSection
EndGlobal
